{
    "_readme": [
        "This file locks the dependencies of your project to a known state",
        "Read more about it at https://getcomposer.org/doc/01-basic-usage.md#composer-lock-the-lock-file",
        "This file is @generated automatically"
    ],
    "hash": "12a8857ba226bfaf643f032d80a60369",
    "packages": [
        {
            "name": "jenkins-khan/jenkins-api",
            "version": "dev-master",
            "source": {
                "type": "git",
                "url": "https://github.com/jenkins-khan/jenkins-php-api.git",
                "reference": "fd61393afdc18fb9bc6eac34217dafa3b926b984"
            },
            "dist": {
                "type": "zip",
                "url": "https://api.github.com/repos/jenkins-khan/jenkins-php-api/zipball/fd61393afdc18fb9bc6eac34217dafa3b926b984",
                "reference": "fd61393afdc18fb9bc6eac34217dafa3b926b984",
                "shasum": ""
            },
            "require-dev": {
                "atoum/atoum": "2.0.1"
            },
            "type": "library",
            "autoload": {
                "psr-4": {
                    "JenkinsKhan\\": "src/"
                }
            },
            "notification-url": "https://packagist.org/downloads/",
            "license": [
                "MIT"
            ],
            "authors": [
                {
                    "name": "jenkins-khan",
                    "homepage": "https://github.com/jenkins-khan/jenkins-php-api"
                }
            ],
            "description": "Jenkins PHP API",
            "homepage": "https://github.com/jenkins-khan/jenkins-php-api",
            "keywords": [
                "api",
                "jenkins"
            ],
            "time": "2015-06-04 06:04:13"
        }
    ],
    "packages-dev": [],
    "aliases": [],
    "minimum-stability": "stable",
    "stability-flags": {
        "jenkins-khan/jenkins-api": 20
    },
    "prefer-stable": false,
    "prefer-lowest": false,
    "platform": [],
    "platform-dev": []
}
