{
    "_readme": [
        "This file locks the dependencies of your project to a known state",
        "Read more about it at https://getcomposer.org/doc/01-basic-usage.md#installing-dependencies",
        "This file is @generated automatically"
    ],
    "content-hash": "03cddc493c95713b2105fda88dec793a",
    "packages": [
        {
            "name": "consolidation/annotated-command",
            "version": "2.x-dev",
            "source": {
                "type": "git",
                "url": "https://github.com/consolidation/annotated-command.git",
                "reference": "4c088b50e0a4829bde5a39fd9bb779dfad9b4564"
            },
            "dist": {
                "type": "zip",
                "url": "https://api.github.com/repos/consolidation/annotated-command/zipball/4c088b50e0a4829bde5a39fd9bb779dfad9b4564",
                "reference": "4c088b50e0a4829bde5a39fd9bb779dfad9b4564",
                "shasum": ""
            },
            "require": {
                "consolidation/output-formatters": "^3.4",
                "php": ">=5.4.5",
                "psr/log": "^1",
                "symfony/console": "^2.8|^3|^4",
                "symfony/event-dispatcher": "^2.5|^3|^4",
                "symfony/finder": "^2.5|^3|^4"
            },
            "require-dev": {
                "g1a/composer-test-scenarios": "^3",
                "php-coveralls/php-coveralls": "^1",
                "phpunit/phpunit": "^6",
                "squizlabs/php_codesniffer": "^2.7"
            },
            "type": "library",
            "extra": {
                "scenarios": {
                    "symfony4": {
                        "require": {
                            "symfony/console": "^4.0"
                        },
                        "config": {
                            "platform": {
                                "php": "7.1.3"
                            }
                        }
                    },
                    "symfony2": {
                        "require": {
                            "symfony/console": "^2.8"
                        },
                        "require-dev": {
                            "phpunit/phpunit": "^4.8.36"
                        },
                        "remove": [
                            "php-coveralls/php-coveralls"
                        ],
                        "config": {
                            "platform": {
                                "php": "5.4.8"
                            }
                        },
                        "scenario-options": {
                            "create-lockfile": "false"
                        }
                    },
                    "phpunit4": {
                        "require-dev": {
                            "phpunit/phpunit": "^4.8.36"
                        },
                        "remove": [
                            "php-coveralls/php-coveralls"
                        ],
                        "config": {
                            "platform": {
                                "php": "5.4.8"
                            }
                        }
                    }
                },
                "branch-alias": {
                    "dev-master": "2.x-dev"
                }
            },
            "autoload": {
                "psr-4": {
                    "Consolidation\\AnnotatedCommand\\": "src"
                }
            },
            "notification-url": "https://packagist.org/downloads/",
            "license": [
                "MIT"
            ],
            "authors": [
                {
                    "name": "Greg Anderson",
                    "email": "greg.1.anderson@greenknowe.org"
                }
            ],
            "description": "Initialize Symfony Console commands from annotated command class methods.",
            "time": "2019-10-24T23:45:51+00:00"
        },
        {
            "name": "consolidation/config",
            "version": "dev-master",
            "source": {
                "type": "git",
                "url": "https://github.com/consolidation/config.git",
                "reference": "ddb0e6c650fc5c4e1f13d10b14604d33cebef76c"
            },
            "dist": {
                "type": "zip",
                "url": "https://api.github.com/repos/consolidation/config/zipball/ddb0e6c650fc5c4e1f13d10b14604d33cebef76c",
                "reference": "ddb0e6c650fc5c4e1f13d10b14604d33cebef76c",
                "shasum": ""
            },
            "require": {
                "dflydev/dot-access-data": "^1.1.0",
                "grasmash/expander": "^1",
                "php": ">=5.4.0"
            },
            "require-dev": {
                "g1a/composer-test-scenarios": "^3",
                "php-coveralls/php-coveralls": "^1",
                "phpunit/phpunit": "^5",
                "squizlabs/php_codesniffer": "2.*",
                "symfony/console": "^2.5|^3|^4",
                "symfony/yaml": "^2.8.11|^3|^4"
            },
            "suggest": {
                "symfony/yaml": "Required to use Consolidation\\Config\\Loader\\YamlConfigLoader"
            },
            "type": "library",
            "extra": {
                "scenarios": {
                    "symfony4": {
                        "require-dev": {
                            "symfony/console": "^4.0"
                        },
                        "config": {
                            "platform": {
                                "php": "7.1.3"
                            }
                        }
                    },
                    "symfony2": {
                        "require-dev": {
                            "symfony/console": "^2.8",
                            "symfony/event-dispatcher": "^2.8",
                            "phpunit/phpunit": "^4.8.36"
                        },
                        "remove": [
                            "php-coveralls/php-coveralls"
                        ],
                        "config": {
                            "platform": {
                                "php": "5.4.8"
                            }
                        }
                    }
                },
                "branch-alias": {
                    "dev-master": "1.x-dev"
                }
            },
            "autoload": {
                "psr-4": {
                    "Consolidation\\Config\\": "src"
                }
            },
            "notification-url": "https://packagist.org/downloads/",
            "license": [
                "MIT"
            ],
            "authors": [
                {
                    "name": "Greg Anderson",
                    "email": "greg.1.anderson@greenknowe.org"
                }
            ],
            "description": "Provide configuration services for a commandline tool.",
            "time": "2019-04-06T17:31:34+00:00"
        },
        {
            "name": "consolidation/log",
            "version": "dev-master",
            "source": {
                "type": "git",
                "url": "https://github.com/consolidation/log.git",
                "reference": "e099d2340dee44b4ba8003754c44a56ce1e34ddb"
            },
            "dist": {
                "type": "zip",
                "url": "https://api.github.com/repos/consolidation/log/zipball/e099d2340dee44b4ba8003754c44a56ce1e34ddb",
                "reference": "e099d2340dee44b4ba8003754c44a56ce1e34ddb",
                "shasum": ""
            },
            "require": {
                "php": ">=5.4.5",
                "psr/log": "^1.0",
                "symfony/console": "^2.8|^3|^4|^5"
            },
            "require-dev": {
                "g1a/composer-test-scenarios": "^3",
                "php-coveralls/php-coveralls": "^1",
                "phpunit/phpunit": "^6",
                "squizlabs/php_codesniffer": "^2"
            },
            "type": "library",
            "extra": {
                "scenarios": {
                    "symfony4": {
                        "require": {
                            "symfony/console": "^4.0"
                        },
                        "config": {
                            "platform": {
                                "php": "7.1.3"
                            }
                        }
                    },
                    "symfony3": {
                        "require": {
                            "symfony/console": "^3.0"
                        },
                        "config": {
                            "platform": {
                                "php": "7.0.8"
                            }
                        }
                    },
                    "symfony2": {
                        "require": {
                            "symfony/console": "^2.8"
                        },
                        "require-dev": {
                            "phpunit/phpunit": "^4.8.36"
                        },
                        "remove": [
                            "php-coveralls/php-coveralls"
                        ],
                        "config": {
                            "platform": {
                                "php": "5.4.8"
                            }
                        }
                    },
                    "phpunit4": {
                        "require-dev": {
                            "phpunit/phpunit": "^4.8.36"
                        },
                        "remove": [
                            "php-coveralls/php-coveralls"
                        ],
                        "config": {
                            "platform": {
                                "php": "5.4.8"
                            }
                        }
                    }
                },
                "branch-alias": {
                    "dev-master": "1.x-dev"
                }
            },
            "autoload": {
                "psr-4": {
                    "Consolidation\\Log\\": "src"
                }
            },
            "notification-url": "https://packagist.org/downloads/",
            "license": [
                "MIT"
            ],
            "authors": [
                {
                    "name": "Greg Anderson",
                    "email": "greg.1.anderson@greenknowe.org"
                }
            ],
            "description": "Improved Psr-3 / Psr\\Log logger based on Symfony Console components.",
            "time": "2019-11-26T23:21:55+00:00"
        },
        {
            "name": "consolidation/output-formatters",
            "version": "dev-improved-wrap",
            "source": {
                "type": "git",
                "url": "https://github.com/consolidation/output-formatters.git",
                "reference": "6b0d1bc7cf8ba6eab7b36542efa5bb4fa897b91b"
            },
            "dist": {
                "type": "zip",
                "url": "https://api.github.com/repos/consolidation/output-formatters/zipball/6b0d1bc7cf8ba6eab7b36542efa5bb4fa897b91b",
                "reference": "6b0d1bc7cf8ba6eab7b36542efa5bb4fa897b91b",
                "shasum": ""
            },
            "require": {
                "php": ">=5.4.0",
                "symfony/console": "^2.8|~3",
                "symfony/finder": "~2.5|~3.0"
            },
            "require-dev": {
                "phpunit/phpunit": "^4.8",
                "satooshi/php-coveralls": "^1.0",
                "squizlabs/php_codesniffer": "^2.7",
                "victorjonsson/markdowndocs": "^1.3"
            },
            "type": "library",
            "extra": {
                "branch-alias": {
                    "dev-master": "3.x-dev",
                    "dev-improved-wrap": "3.x-dev"
                }
            },
            "autoload": {
                "psr-4": {
                    "Consolidation\\OutputFormatters\\": "src"
                }
            },
            "notification-url": "https://packagist.org/downloads/",
            "license": [
                "MIT"
            ],
            "authors": [
                {
                    "name": "Greg Anderson",
                    "email": "greg.1.anderson@greenknowe.org"
                }
            ],
            "description": "Format text by applying transformations provided by plug-in formatters.",
            "time": "2017-05-05T05:13:33+00:00"
        },
        {
            "name": "consolidation/robo",
            "version": "2.0.0-alpha3",
            "source": {
                "type": "git",
                "url": "https://github.com/consolidation/Robo.git",
                "reference": "36ec0ae4eaab9cbc408a62e49124f0c8e638b372"
            },
            "dist": {
                "type": "zip",
                "url": "https://api.github.com/repos/consolidation/Robo/zipball/36ec0ae4eaab9cbc408a62e49124f0c8e638b372",
                "reference": "36ec0ae4eaab9cbc408a62e49124f0c8e638b372",
                "shasum": ""
            },
            "require": {
                "consolidation/annotated-command": "^2.11.0",
                "consolidation/config": "^1.2",
                "consolidation/log": "^1.1.1",
                "consolidation/output-formatters": "^3.1.13",
                "consolidation/self-update": "^1",
                "grasmash/yaml-expander": "^1.3",
                "league/container": "^2.2",
                "php": ">=7",
                "symfony/console": "^3.4|^4",
                "symfony/event-dispatcher": "^3.4|^4",
                "symfony/filesystem": "^3|^4",
                "symfony/finder": "^3|^4",
                "symfony/process": "^3|^4"
            },
            "conflict": {
                "codegyre/robo": "*"
            },
            "require-dev": {
                "codeception/aspect-mock": "^1|^2.1.1",
                "codeception/base": "^2.3.7",
                "codeception/verify": "^0.3.2",
                "g1a/composer-test-scenarios": "^3",
                "goaop/framework": "~2.1.2",
                "goaop/parser-reflection": "^1.1.0",
                "natxet/cssmin": "3.0.4",
                "nikic/php-parser": "^3.1.5",
                "patchwork/jsqueeze": "^2",
                "pear/archive_tar": "^1.4.4",
                "php-coveralls/php-coveralls": "^1",
                "phpunit/php-code-coverage": "~2|~4",
                "squizlabs/php_codesniffer": "^2.8"
            },
            "suggest": {
                "henrikbjorn/lurker": "For monitoring filesystem changes in taskWatch",
                "natxet/cssmin": "For minifying CSS files in taskMinify",
                "patchwork/jsqueeze": "For minifying JS files in taskMinify",
                "pear/archive_tar": "Allows tar archives to be created and extracted in taskPack and taskExtract, respectively."
            },
            "bin": [
                "robo"
            ],
            "type": "library",
            "extra": {
                "scenarios": {
                    "symfony3": {
                        "require": {
                            "symfony/console": "^3"
                        },
                        "config": {
                            "platform": {
                                "php": "7.0.11"
                            }
                        }
                    }
                },
                "branch-alias": {
                    "dev-master": "2.x-dev"
                }
            },
            "autoload": {
                "psr-4": {
                    "Robo\\": "src"
                }
            },
            "notification-url": "https://packagist.org/downloads/",
            "license": [
                "MIT"
            ],
            "authors": [
                {
                    "name": "Davert",
                    "email": "davert.php@resend.cc"
                }
            ],
            "description": "Modern task runner",
            "time": "2019-10-05T22:53:27+00:00"
        },
        {
            "name": "consolidation/self-update",
            "version": "dev-master",
            "source": {
                "type": "git",
                "url": "https://github.com/consolidation/self-update.git",
                "reference": "a283a41a2edf23104b6be95674e840aa623d519a"
            },
            "dist": {
                "type": "zip",
                "url": "https://api.github.com/repos/consolidation/self-update/zipball/a283a41a2edf23104b6be95674e840aa623d519a",
                "reference": "a283a41a2edf23104b6be95674e840aa623d519a",
                "shasum": ""
            },
            "require": {
                "php": ">=5.5.0",
                "symfony/console": "^2.8|^3|^4",
                "symfony/filesystem": "^2.5|^3|^4"
            },
            "bin": [
                "scripts/release"
            ],
            "type": "library",
            "extra": {
                "branch-alias": {
                    "dev-master": "1.x-dev"
                }
            },
            "autoload": {
                "psr-4": {
                    "SelfUpdate\\": "src"
                }
            },
            "notification-url": "https://packagist.org/downloads/",
            "license": [
                "MIT"
            ],
            "authors": [
                {
                    "name": "Greg Anderson",
                    "email": "greg.1.anderson@greenknowe.org"
                },
                {
                    "name": "Alexander Menk",
                    "email": "menk@mestrona.net"
                }
            ],
            "description": "Provides a self:update command for Symfony Console applications.",
            "time": "2018-10-28T01:52:15+00:00"
        },
        {
            "name": "container-interop/container-interop",
            "version": "1.2.0",
            "source": {
                "type": "git",
                "url": "https://github.com/container-interop/container-interop.git",
                "reference": "79cbf1341c22ec75643d841642dd5d6acd83bdb8"
            },
            "dist": {
                "type": "zip",
                "url": "https://api.github.com/repos/container-interop/container-interop/zipball/79cbf1341c22ec75643d841642dd5d6acd83bdb8",
                "reference": "79cbf1341c22ec75643d841642dd5d6acd83bdb8",
                "shasum": ""
            },
            "require": {
                "psr/container": "^1.0"
            },
            "type": "library",
            "autoload": {
                "psr-4": {
                    "Interop\\Container\\": "src/Interop/Container/"
                }
            },
            "notification-url": "https://packagist.org/downloads/",
            "license": [
                "MIT"
            ],
            "description": "Promoting the interoperability of container objects (DIC, SL, etc.)",
            "homepage": "https://github.com/container-interop/container-interop",
            "abandoned": "psr/container",
            "time": "2017-02-14T19:40:03+00:00"
        },
        {
            "name": "dflydev/dot-access-data",
            "version": "v1.1.0",
            "source": {
                "type": "git",
                "url": "https://github.com/dflydev/dflydev-dot-access-data.git",
                "reference": "3fbd874921ab2c041e899d044585a2ab9795df8a"
            },
            "dist": {
                "type": "zip",
                "url": "https://api.github.com/repos/dflydev/dflydev-dot-access-data/zipball/3fbd874921ab2c041e899d044585a2ab9795df8a",
                "reference": "3fbd874921ab2c041e899d044585a2ab9795df8a",
                "shasum": ""
            },
            "require": {
                "php": ">=5.3.2"
            },
            "type": "library",
            "extra": {
                "branch-alias": {
                    "dev-master": "1.0-dev"
                }
            },
            "autoload": {
                "psr-0": {
                    "Dflydev\\DotAccessData": "src"
                }
            },
            "notification-url": "https://packagist.org/downloads/",
            "license": [
                "MIT"
            ],
            "authors": [
                {
                    "name": "Dragonfly Development Inc.",
                    "email": "info@dflydev.com",
                    "homepage": "http://dflydev.com"
                },
                {
                    "name": "Beau Simensen",
                    "email": "beau@dflydev.com",
                    "homepage": "http://beausimensen.com"
                },
                {
                    "name": "Carlos Frutos",
                    "email": "carlos@kiwing.it",
                    "homepage": "https://github.com/cfrutos"
                }
            ],
            "description": "Given a deep data structure, access data by dot notation.",
            "homepage": "https://github.com/dflydev/dflydev-dot-access-data",
            "keywords": [
                "access",
                "data",
                "dot",
                "notation"
            ],
            "time": "2017-01-20T21:14:22+00:00"
        },
        {
            "name": "grasmash/expander",
            "version": "dev-master",
            "source": {
                "type": "git",
                "url": "https://github.com/grasmash/expander.git",
                "reference": "bd149d4454c05a204d9540373df786c9089340f0"
            },
            "dist": {
                "type": "zip",
                "url": "https://api.github.com/repos/grasmash/expander/zipball/bd149d4454c05a204d9540373df786c9089340f0",
                "reference": "bd149d4454c05a204d9540373df786c9089340f0",
                "shasum": ""
            },
            "require": {
                "dflydev/dot-access-data": "^1.1.0",
                "php": ">=5.6",
                "psr/log": "^1.0"
            },
            "require-dev": {
                "greg-1-anderson/composer-test-scenarios": "^1",
                "phpunit/phpunit": "^5.5.4",
                "satooshi/php-coveralls": "^1.0.2|dev-master",
                "squizlabs/php_codesniffer": "^2.7"
            },
            "type": "library",
            "extra": {
                "branch-alias": {
                    "dev-master": "1.x-dev"
                }
            },
            "autoload": {
                "psr-4": {
                    "Grasmash\\Expander\\": "src/"
                }
            },
            "notification-url": "https://packagist.org/downloads/",
            "license": [
                "MIT"
            ],
            "authors": [
                {
                    "name": "Matthew Grasmick"
                }
            ],
            "description": "Expands internal property references in PHP arrays file.",
            "time": "2019-08-17T02:35:41+00:00"
        },
        {
            "name": "grasmash/yaml-expander",
            "version": "1.x-dev",
            "source": {
                "type": "git",
                "url": "https://github.com/grasmash/yaml-expander.git",
                "reference": "3f0f6001ae707a24f4d9733958d77d92bf9693b1"
            },
            "dist": {
                "type": "zip",
                "url": "https://api.github.com/repos/grasmash/yaml-expander/zipball/3f0f6001ae707a24f4d9733958d77d92bf9693b1",
                "reference": "3f0f6001ae707a24f4d9733958d77d92bf9693b1",
                "shasum": ""
            },
            "require": {
                "dflydev/dot-access-data": "^1.1.0",
                "php": ">=5.4",
                "symfony/yaml": "^2.8.11|^3|^4"
            },
            "require-dev": {
                "greg-1-anderson/composer-test-scenarios": "^1",
                "phpunit/phpunit": "^4.8|^5.5.4",
                "satooshi/php-coveralls": "^1.0.2|dev-master",
                "squizlabs/php_codesniffer": "^2.7"
            },
            "type": "library",
            "extra": {
                "branch-alias": {
                    "dev-master": "1.x-dev"
                }
            },
            "autoload": {
                "psr-4": {
                    "Grasmash\\YamlExpander\\": "src/"
                }
            },
            "notification-url": "https://packagist.org/downloads/",
            "license": [
                "MIT"
            ],
            "authors": [
                {
                    "name": "Matthew Grasmick"
                }
            ],
            "description": "Expands internal property references in a yaml file.",
            "time": "2017-12-16T16:06:03+00:00"
        },
        {
            "name": "league/container",
            "version": "2.x-dev",
            "source": {
                "type": "git",
                "url": "https://github.com/thephpleague/container.git",
                "reference": "e541429f0932f240d0e5a183fcd4b9b9939dde5a"
            },
            "dist": {
                "type": "zip",
                "url": "https://api.github.com/repos/thephpleague/container/zipball/e541429f0932f240d0e5a183fcd4b9b9939dde5a",
                "reference": "e541429f0932f240d0e5a183fcd4b9b9939dde5a",
                "shasum": ""
            },
            "require": {
                "container-interop/container-interop": "^1.2",
                "php": "^5.4.0 || ^7.0"
            },
            "provide": {
                "container-interop/container-interop-implementation": "^1.2",
                "psr/container-implementation": "^1.0"
            },
            "replace": {
                "orno/di": "~2.0"
            },
            "require-dev": {
                "phpunit/phpunit": "4.*"
            },
            "type": "library",
            "extra": {
                "branch-alias": {
                    "dev-2.x": "2.x-dev",
                    "dev-1.x": "1.x-dev"
                }
            },
            "autoload": {
                "psr-4": {
                    "League\\Container\\": "src"
                }
            },
            "notification-url": "https://packagist.org/downloads/",
            "license": [
                "MIT"
            ],
            "authors": [
                {
                    "name": "Phil Bennett",
                    "email": "philipobenito@gmail.com",
                    "homepage": "http://www.philipobenito.com",
                    "role": "Developer"
                }
            ],
            "description": "A fast and intuitive dependency injection container.",
            "homepage": "https://github.com/thephpleague/container",
            "keywords": [
                "container",
                "dependency",
                "di",
                "injection",
                "league",
                "provider",
                "service"
            ],
            "time": "2017-05-10T09:36:53+00:00"
        },
        {
            "name": "psr/container",
            "version": "dev-master",
            "source": {
                "type": "git",
                "url": "https://github.com/php-fig/container.git",
                "reference": "fc1bc363ecf887921e3897c7b1dad3587ae154eb"
            },
            "dist": {
                "type": "zip",
                "url": "https://api.github.com/repos/php-fig/container/zipball/fc1bc363ecf887921e3897c7b1dad3587ae154eb",
                "reference": "fc1bc363ecf887921e3897c7b1dad3587ae154eb",
                "shasum": ""
            },
            "require": {
                "php": ">=5.3.0"
            },
            "type": "library",
            "extra": {
                "branch-alias": {
                    "dev-master": "1.0.x-dev"
                }
            },
            "autoload": {
                "psr-4": {
                    "Psr\\Container\\": "src/"
                }
            },
            "notification-url": "https://packagist.org/downloads/",
            "license": [
                "MIT"
            ],
            "authors": [
                {
                    "name": "PHP-FIG",
                    "homepage": "http://www.php-fig.org/"
                }
            ],
            "description": "Common Container Interface (PHP FIG PSR-11)",
            "homepage": "https://github.com/php-fig/container",
            "keywords": [
                "PSR-11",
                "container",
                "container-interface",
                "container-interop",
                "psr"
            ],
            "time": "2019-10-04T14:07:35+00:00"
        },
        {
            "name": "psr/log",
            "version": "dev-master",
            "source": {
                "type": "git",
                "url": "https://github.com/php-fig/log.git",
                "reference": "5628725d0e4d687e29575eb41f9d5ee7de33a84c"
            },
            "dist": {
                "type": "zip",
                "url": "https://api.github.com/repos/php-fig/log/zipball/5628725d0e4d687e29575eb41f9d5ee7de33a84c",
                "reference": "5628725d0e4d687e29575eb41f9d5ee7de33a84c",
                "shasum": ""
            },
            "require": {
                "php": ">=5.3.0"
            },
            "type": "library",
            "extra": {
                "branch-alias": {
                    "dev-master": "1.1.x-dev"
                }
            },
            "autoload": {
                "psr-4": {
                    "Psr\\Log\\": "Psr/Log/"
                }
            },
            "notification-url": "https://packagist.org/downloads/",
            "license": [
                "MIT"
            ],
            "authors": [
                {
                    "name": "PHP-FIG",
                    "homepage": "http://www.php-fig.org/"
                }
            ],
            "description": "Common interface for logging libraries",
            "homepage": "https://github.com/php-fig/log",
            "keywords": [
                "log",
                "psr",
                "psr-3"
            ],
            "time": "2019-11-12T16:45:05+00:00"
        },
        {
            "name": "symfony/console",
            "version": "3.4.x-dev",
            "source": {
                "type": "git",
                "url": "https://github.com/symfony/console.git",
                "reference": "1ee23b3b659b06c622f2bd2492a229e416eb4586"
            },
            "dist": {
                "type": "zip",
                "url": "https://api.github.com/repos/symfony/console/zipball/1ee23b3b659b06c622f2bd2492a229e416eb4586",
                "reference": "1ee23b3b659b06c622f2bd2492a229e416eb4586",
                "shasum": ""
            },
            "require": {
                "php": "^5.5.9|>=7.0.8",
                "symfony/debug": "~2.8|~3.0|~4.0",
                "symfony/polyfill-mbstring": "~1.0"
            },
            "conflict": {
                "symfony/dependency-injection": "<3.4",
                "symfony/process": "<3.3"
            },
            "provide": {
                "psr/log-implementation": "1.0"
            },
            "require-dev": {
                "psr/log": "~1.0",
                "symfony/config": "~3.3|~4.0",
                "symfony/dependency-injection": "~3.4|~4.0",
                "symfony/event-dispatcher": "~2.8|~3.0|~4.0",
                "symfony/lock": "~3.4|~4.0",
                "symfony/process": "~3.3|~4.0"
            },
            "suggest": {
                "psr/log": "For using the console logger",
                "symfony/event-dispatcher": "",
                "symfony/lock": "",
                "symfony/process": ""
            },
            "type": "library",
            "extra": {
                "branch-alias": {
                    "dev-master": "3.4-dev"
                }
            },
            "autoload": {
                "psr-4": {
                    "Symfony\\Component\\Console\\": ""
                },
                "exclude-from-classmap": [
                    "/Tests/"
                ]
            },
            "notification-url": "https://packagist.org/downloads/",
            "license": [
                "MIT"
            ],
            "authors": [
                {
                    "name": "Fabien Potencier",
                    "email": "fabien@symfony.com"
                },
                {
                    "name": "Symfony Community",
                    "homepage": "https://symfony.com/contributors"
                }
            ],
            "description": "Symfony Console Component",
            "homepage": "https://symfony.com",
            "time": "2019-12-01T10:04:45+00:00"
        },
        {
            "name": "symfony/debug",
            "version": "3.4.x-dev",
            "source": {
                "type": "git",
                "url": "https://github.com/symfony/debug.git",
                "reference": "f72e33fdb1170b326e72c3157f0cd456351dd086"
            },
            "dist": {
                "type": "zip",
                "url": "https://api.github.com/repos/symfony/debug/zipball/f72e33fdb1170b326e72c3157f0cd456351dd086",
                "reference": "f72e33fdb1170b326e72c3157f0cd456351dd086",
                "shasum": ""
            },
            "require": {
                "php": "^5.5.9|>=7.0.8",
                "psr/log": "~1.0"
            },
            "conflict": {
                "symfony/http-kernel": ">=2.3,<2.3.24|~2.4.0|>=2.5,<2.5.9|>=2.6,<2.6.2"
            },
            "require-dev": {
                "symfony/http-kernel": "~2.8|~3.0|~4.0"
            },
            "type": "library",
            "extra": {
                "branch-alias": {
                    "dev-master": "3.4-dev"
                }
            },
            "autoload": {
                "psr-4": {
                    "Symfony\\Component\\Debug\\": ""
                },
                "exclude-from-classmap": [
                    "/Tests/"
                ]
            },
            "notification-url": "https://packagist.org/downloads/",
            "license": [
                "MIT"
            ],
            "authors": [
                {
                    "name": "Fabien Potencier",
                    "email": "fabien@symfony.com"
                },
                {
                    "name": "Symfony Community",
                    "homepage": "https://symfony.com/contributors"
                }
            ],
            "description": "Symfony Debug Component",
            "homepage": "https://symfony.com",
            "time": "2019-10-24T15:33:53+00:00"
        },
        {
            "name": "symfony/event-dispatcher",
            "version": "3.4.x-dev",
            "source": {
                "type": "git",
                "url": "https://github.com/symfony/event-dispatcher.git",
                "reference": "f9031c22ec127d4a2450760f81a8677fe8a10177"
            },
            "dist": {
                "type": "zip",
                "url": "https://api.github.com/repos/symfony/event-dispatcher/zipball/f9031c22ec127d4a2450760f81a8677fe8a10177",
                "reference": "f9031c22ec127d4a2450760f81a8677fe8a10177",
                "shasum": ""
            },
            "require": {
                "php": "^5.5.9|>=7.0.8"
            },
            "conflict": {
                "symfony/dependency-injection": "<3.3"
            },
            "require-dev": {
                "psr/log": "~1.0",
                "symfony/config": "~2.8|~3.0|~4.0",
                "symfony/dependency-injection": "~3.3|~4.0",
                "symfony/expression-language": "~2.8|~3.0|~4.0",
                "symfony/stopwatch": "~2.8|~3.0|~4.0"
            },
            "suggest": {
                "symfony/dependency-injection": "",
                "symfony/http-kernel": ""
            },
            "type": "library",
            "extra": {
                "branch-alias": {
                    "dev-master": "3.4-dev"
                }
            },
            "autoload": {
                "psr-4": {
                    "Symfony\\Component\\EventDispatcher\\": ""
                },
                "exclude-from-classmap": [
                    "/Tests/"
                ]
            },
            "notification-url": "https://packagist.org/downloads/",
            "license": [
                "MIT"
            ],
            "authors": [
                {
                    "name": "Fabien Potencier",
                    "email": "fabien@symfony.com"
                },
                {
                    "name": "Symfony Community",
                    "homepage": "https://symfony.com/contributors"
                }
            ],
            "description": "Symfony EventDispatcher Component",
            "homepage": "https://symfony.com",
            "time": "2019-10-24T15:33:53+00:00"
        },
        {
            "name": "symfony/filesystem",
            "version": "3.4.x-dev",
            "source": {
                "type": "git",
                "url": "https://github.com/symfony/filesystem.git",
                "reference": "00cdad0936d06fab136944bc2342b762b1c3a4a2"
            },
            "dist": {
                "type": "zip",
                "url": "https://api.github.com/repos/symfony/filesystem/zipball/00cdad0936d06fab136944bc2342b762b1c3a4a2",
                "reference": "00cdad0936d06fab136944bc2342b762b1c3a4a2",
                "shasum": ""
            },
            "require": {
                "php": "^5.5.9|>=7.0.8",
                "symfony/polyfill-ctype": "~1.8"
            },
            "type": "library",
            "extra": {
                "branch-alias": {
                    "dev-master": "3.4-dev"
                }
            },
            "autoload": {
                "psr-4": {
                    "Symfony\\Component\\Filesystem\\": ""
                },
                "exclude-from-classmap": [
                    "/Tests/"
                ]
            },
            "notification-url": "https://packagist.org/downloads/",
            "license": [
                "MIT"
            ],
            "authors": [
                {
                    "name": "Fabien Potencier",
                    "email": "fabien@symfony.com"
                },
                {
                    "name": "Symfony Community",
                    "homepage": "https://symfony.com/contributors"
                }
            ],
            "description": "Symfony Filesystem Component",
            "homepage": "https://symfony.com",
            "time": "2019-11-25T16:36:22+00:00"
        },
        {
            "name": "symfony/finder",
            "version": "3.4.x-dev",
            "source": {
                "type": "git",
                "url": "https://github.com/symfony/finder.git",
                "reference": "290ae21279b37bfd287cdcce640d51204e84afdf"
            },
            "dist": {
                "type": "zip",
                "url": "https://api.github.com/repos/symfony/finder/zipball/290ae21279b37bfd287cdcce640d51204e84afdf",
                "reference": "290ae21279b37bfd287cdcce640d51204e84afdf",
                "shasum": ""
            },
            "require": {
                "php": "^5.5.9|>=7.0.8"
            },
            "type": "library",
            "extra": {
                "branch-alias": {
                    "dev-master": "3.4-dev"
                }
            },
            "autoload": {
                "psr-4": {
                    "Symfony\\Component\\Finder\\": ""
                },
                "exclude-from-classmap": [
                    "/Tests/"
                ]
            },
            "notification-url": "https://packagist.org/downloads/",
            "license": [
                "MIT"
            ],
            "authors": [
                {
                    "name": "Fabien Potencier",
                    "email": "fabien@symfony.com"
                },
                {
                    "name": "Symfony Community",
                    "homepage": "https://symfony.com/contributors"
                }
            ],
            "description": "Symfony Finder Component",
            "homepage": "https://symfony.com",
            "time": "2019-11-17T21:55:15+00:00"
        },
        {
            "name": "symfony/polyfill-ctype",
            "version": "dev-master",
            "source": {
                "type": "git",
                "url": "https://github.com/symfony/polyfill-ctype.git",
                "reference": "82ebae02209c21113908c229e9883c419720738a"
            },
            "dist": {
                "type": "zip",
                "url": "https://api.github.com/repos/symfony/polyfill-ctype/zipball/82ebae02209c21113908c229e9883c419720738a",
                "reference": "82ebae02209c21113908c229e9883c419720738a",
                "shasum": ""
            },
            "require": {
                "php": ">=5.3.3"
            },
            "suggest": {
                "ext-ctype": "For best performance"
            },
            "type": "library",
            "extra": {
                "branch-alias": {
                    "dev-master": "1.11-dev"
                }
            },
            "autoload": {
                "psr-4": {
                    "Symfony\\Polyfill\\Ctype\\": ""
                },
                "files": [
                    "bootstrap.php"
                ]
            },
            "notification-url": "https://packagist.org/downloads/",
            "license": [
                "MIT"
            ],
            "authors": [
                {
                    "name": "Symfony Community",
                    "homepage": "https://symfony.com/contributors"
                },
                {
                    "name": "Gert de Pagter",
                    "email": "BackEndTea@gmail.com"
                }
            ],
            "description": "Symfony polyfill for ctype functions",
            "homepage": "https://symfony.com",
            "keywords": [
                "compatibility",
                "ctype",
                "polyfill",
                "portable"
            ],
            "time": "2019-02-06T07:57:58+00:00"
        },
        {
            "name": "symfony/polyfill-mbstring",
            "version": "dev-master",
            "source": {
                "type": "git",
                "url": "https://github.com/symfony/polyfill-mbstring.git",
                "reference": "fe5e94c604826c35a32fa832f35bd036b6799609"
            },
            "dist": {
                "type": "zip",
                "url": "https://api.github.com/repos/symfony/polyfill-mbstring/zipball/fe5e94c604826c35a32fa832f35bd036b6799609",
                "reference": "fe5e94c604826c35a32fa832f35bd036b6799609",
                "shasum": ""
            },
            "require": {
                "php": ">=5.3.3"
            },
            "suggest": {
                "ext-mbstring": "For best performance"
            },
            "type": "library",
            "extra": {
                "branch-alias": {
                    "dev-master": "1.11-dev"
                }
            },
            "autoload": {
                "psr-4": {
                    "Symfony\\Polyfill\\Mbstring\\": ""
                },
                "files": [
                    "bootstrap.php"
                ]
            },
            "notification-url": "https://packagist.org/downloads/",
            "license": [
                "MIT"
            ],
            "authors": [
                {
                    "name": "Nicolas Grekas",
                    "email": "p@tchwork.com"
                },
                {
                    "name": "Symfony Community",
                    "homepage": "https://symfony.com/contributors"
                }
            ],
            "description": "Symfony polyfill for the Mbstring extension",
            "homepage": "https://symfony.com",
            "keywords": [
                "compatibility",
                "mbstring",
                "polyfill",
                "portable",
                "shim"
            ],
            "time": "2019-02-06T07:57:58+00:00"
        },
        {
            "name": "symfony/process",
            "version": "3.4.x-dev",
            "source": {
                "type": "git",
                "url": "https://github.com/symfony/process.git",
                "reference": "9a4545c01e1e4f473492bd52b71e574dcc401ca2"
            },
            "dist": {
                "type": "zip",
                "url": "https://api.github.com/repos/symfony/process/zipball/9a4545c01e1e4f473492bd52b71e574dcc401ca2",
                "reference": "9a4545c01e1e4f473492bd52b71e574dcc401ca2",
                "shasum": ""
            },
            "require": {
                "php": "^5.5.9|>=7.0.8"
            },
            "type": "library",
            "extra": {
                "branch-alias": {
                    "dev-master": "3.4-dev"
                }
            },
            "autoload": {
                "psr-4": {
                    "Symfony\\Component\\Process\\": ""
                },
                "exclude-from-classmap": [
                    "/Tests/"
                ]
            },
            "notification-url": "https://packagist.org/downloads/",
            "license": [
                "MIT"
            ],
            "authors": [
                {
                    "name": "Fabien Potencier",
                    "email": "fabien@symfony.com"
                },
                {
                    "name": "Symfony Community",
                    "homepage": "https://symfony.com/contributors"
                }
            ],
            "description": "Symfony Process Component",
            "homepage": "https://symfony.com",
            "time": "2019-11-28T10:05:51+00:00"
        },
        {
            "name": "symfony/yaml",
            "version": "3.4.x-dev",
            "source": {
                "type": "git",
                "url": "https://github.com/symfony/yaml.git",
                "reference": "1b78a23cf919e943c4730f27869bfe9b7def0e06"
            },
            "dist": {
                "type": "zip",
                "url": "https://api.github.com/repos/symfony/yaml/zipball/1b78a23cf919e943c4730f27869bfe9b7def0e06",
                "reference": "1b78a23cf919e943c4730f27869bfe9b7def0e06",
                "shasum": ""
            },
            "require": {
                "php": "^5.5.9|>=7.0.8",
                "symfony/polyfill-ctype": "~1.8"
            },
            "conflict": {
                "symfony/console": "<3.4"
            },
            "require-dev": {
                "symfony/console": "~3.4|~4.0"
            },
            "suggest": {
                "symfony/console": "For validating YAML files using the lint command"
            },
            "type": "library",
            "extra": {
                "branch-alias": {
                    "dev-master": "3.4-dev"
                }
            },
            "autoload": {
                "psr-4": {
                    "Symfony\\Component\\Yaml\\": ""
                },
                "exclude-from-classmap": [
                    "/Tests/"
                ]
            },
            "notification-url": "https://packagist.org/downloads/",
            "license": [
                "MIT"
            ],
            "authors": [
                {
                    "name": "Fabien Potencier",
                    "email": "fabien@symfony.com"
                },
                {
                    "name": "Symfony Community",
                    "homepage": "https://symfony.com/contributors"
                }
            ],
            "description": "Symfony Yaml Component",
            "homepage": "https://symfony.com",
            "time": "2019-12-04T11:33:46+00:00"
        }
    ],
    "packages-dev": [],
    "aliases": [],
    "minimum-stability": "dev",
    "stability-flags": {
        "consolidation/robo": 15
    },
    "prefer-stable": false,
    "prefer-lowest": false,
    "platform": [],
    "platform-dev": [],
    "platform-overrides": {
        "php": "7.0.8"
    }
}
