{
    "_readme": [
        "This file locks the dependencies of your project to a known state",
        "Read more about it at https://getcomposer.org/doc/01-basic-usage.md#installing-dependencies",
        "This file is @generated automatically"
    ],
    "content-hash": "014927a3e44c69d88e2639cf759c1830",
    "packages": [
        {
            "name": "consolidation/annotated-command",
            "version": "dev-master",
            "source": {
                "type": "git",
                "url": "https://github.com/consolidation/annotated-command.git",
                "reference": "512a2e54c98f3af377589de76c43b24652bcb789"
            },
            "dist": {
                "type": "zip",
                "url": "https://api.github.com/repos/consolidation/annotated-command/zipball/512a2e54c98f3af377589de76c43b24652bcb789",
                "reference": "512a2e54c98f3af377589de76c43b24652bcb789",
                "shasum": ""
            },
            "require": {
                "consolidation/output-formatters": "^3.4",
                "php": ">=5.4.5",
                "psr/log": "^1",
                "symfony/console": "^2.8|^3|^4",
                "symfony/event-dispatcher": "^2.5|^3|^4",
                "symfony/finder": "^2.5|^3|^4"
            },
            "require-dev": {
                "g1a/composer-test-scenarios": "^3",
                "php-coveralls/php-coveralls": "^1",
                "phpunit/phpunit": "^6",
                "squizlabs/php_codesniffer": "^2.7"
            },
            "type": "library",
            "extra": {
                "scenarios": {
                    "symfony4": {
                        "require": {
                            "symfony/console": "^4.0"
                        },
                        "config": {
                            "platform": {
                                "php": "7.1.3"
                            }
                        }
                    },
                    "symfony2": {
                        "require": {
                            "symfony/console": "^2.8"
                        },
                        "require-dev": {
                            "phpunit/phpunit": "^4.8.36"
                        },
                        "remove": [
                            "php-coveralls/php-coveralls"
                        ],
                        "config": {
                            "platform": {
                                "php": "5.4.8"
                            }
                        },
                        "scenario-options": {
                            "create-lockfile": "false"
                        }
                    },
                    "phpunit4": {
                        "require-dev": {
                            "phpunit/phpunit": "^4.8.36"
                        },
                        "remove": [
                            "php-coveralls/php-coveralls"
                        ],
                        "config": {
                            "platform": {
                                "php": "5.4.8"
                            }
                        }
                    }
                },
                "branch-alias": {
                    "dev-master": "2.x-dev"
                }
            },
            "autoload": {
                "psr-4": {
                    "Consolidation\\AnnotatedCommand\\": "src"
                }
            },
            "notification-url": "https://packagist.org/downloads/",
            "license": [
                "MIT"
            ],
            "authors": [
                {
                    "name": "Greg Anderson",
                    "email": "greg.1.anderson@greenknowe.org"
                }
            ],
            "description": "Initialize Symfony Console commands from annotated command class methods.",
            "time": "2019-03-08T16:55:03+00:00"
        },
        {
            "name": "consolidation/config",
            "version": "dev-master",
            "source": {
                "type": "git",
                "url": "https://github.com/consolidation/config.git",
                "reference": "ddb0e6c650fc5c4e1f13d10b14604d33cebef76c"
            },
            "dist": {
                "type": "zip",
                "url": "https://api.github.com/repos/consolidation/config/zipball/ddb0e6c650fc5c4e1f13d10b14604d33cebef76c",
                "reference": "ddb0e6c650fc5c4e1f13d10b14604d33cebef76c",
                "shasum": ""
            },
            "require": {
                "dflydev/dot-access-data": "^1.1.0",
                "grasmash/expander": "^1",
                "php": ">=5.4.0"
            },
            "require-dev": {
                "g1a/composer-test-scenarios": "^3",
                "php-coveralls/php-coveralls": "^1",
                "phpunit/phpunit": "^5",
                "squizlabs/php_codesniffer": "2.*",
                "symfony/console": "^2.5|^3|^4",
                "symfony/yaml": "^2.8.11|^3|^4"
            },
            "suggest": {
                "symfony/yaml": "Required to use Consolidation\\Config\\Loader\\YamlConfigLoader"
            },
            "type": "library",
            "extra": {
                "scenarios": {
                    "symfony4": {
                        "require-dev": {
                            "symfony/console": "^4.0"
                        },
                        "config": {
                            "platform": {
                                "php": "7.1.3"
                            }
                        }
                    },
                    "symfony2": {
                        "require-dev": {
                            "symfony/console": "^2.8",
                            "symfony/event-dispatcher": "^2.8",
                            "phpunit/phpunit": "^4.8.36"
                        },
                        "remove": [
                            "php-coveralls/php-coveralls"
                        ],
                        "config": {
                            "platform": {
                                "php": "5.4.8"
                            }
                        }
                    }
                },
                "branch-alias": {
                    "dev-master": "1.x-dev"
                }
            },
            "autoload": {
                "psr-4": {
                    "Consolidation\\Config\\": "src"
                }
            },
            "notification-url": "https://packagist.org/downloads/",
            "license": [
                "MIT"
            ],
            "authors": [
                {
                    "name": "Greg Anderson",
                    "email": "greg.1.anderson@greenknowe.org"
                }
            ],
            "description": "Provide configuration services for a commandline tool.",
            "time": "2019-04-06T17:31:34+00:00"
        },
        {
            "name": "consolidation/log",
            "version": "dev-master",
            "source": {
                "type": "git",
                "url": "https://github.com/consolidation/log.git",
                "reference": "b2e887325ee90abc96b0a8b7b474cd9e7c896e3a"
            },
            "dist": {
                "type": "zip",
                "url": "https://api.github.com/repos/consolidation/log/zipball/b2e887325ee90abc96b0a8b7b474cd9e7c896e3a",
                "reference": "b2e887325ee90abc96b0a8b7b474cd9e7c896e3a",
                "shasum": ""
            },
            "require": {
                "php": ">=5.4.5",
                "psr/log": "^1.0",
                "symfony/console": "^2.8|^3|^4"
            },
            "require-dev": {
                "g1a/composer-test-scenarios": "^3",
                "php-coveralls/php-coveralls": "^1",
                "phpunit/phpunit": "^6",
                "squizlabs/php_codesniffer": "^2"
            },
            "type": "library",
            "extra": {
                "scenarios": {
                    "symfony4": {
                        "require": {
                            "symfony/console": "^4.0"
                        },
                        "config": {
                            "platform": {
                                "php": "7.1.3"
                            }
                        }
                    },
                    "symfony2": {
                        "require": {
                            "symfony/console": "^2.8"
                        },
                        "require-dev": {
                            "phpunit/phpunit": "^4.8.36"
                        },
                        "remove": [
                            "php-coveralls/php-coveralls"
                        ],
                        "config": {
                            "platform": {
                                "php": "5.4.8"
                            }
                        }
                    },
                    "phpunit4": {
                        "require-dev": {
                            "phpunit/phpunit": "^4.8.36"
                        },
                        "remove": [
                            "php-coveralls/php-coveralls"
                        ],
                        "config": {
                            "platform": {
                                "php": "5.4.8"
                            }
                        }
                    }
                },
                "branch-alias": {
                    "dev-master": "1.x-dev"
                }
            },
            "autoload": {
                "psr-4": {
                    "Consolidation\\Log\\": "src"
                }
            },
            "notification-url": "https://packagist.org/downloads/",
            "license": [
                "MIT"
            ],
            "authors": [
                {
                    "name": "Greg Anderson",
                    "email": "greg.1.anderson@greenknowe.org"
                }
            ],
            "description": "Improved Psr-3 / Psr\\Log logger based on Symfony Console components.",
            "time": "2019-01-01T17:30:51+00:00"
        },
        {
            "name": "consolidation/output-formatters",
            "version": "dev-improved-wrap",
            "source": {
                "type": "git",
                "url": "https://github.com/consolidation/output-formatters.git",
                "reference": "6b0d1bc7cf8ba6eab7b36542efa5bb4fa897b91b"
            },
            "dist": {
                "type": "zip",
                "url": "https://api.github.com/repos/consolidation/output-formatters/zipball/6b0d1bc7cf8ba6eab7b36542efa5bb4fa897b91b",
                "reference": "6b0d1bc7cf8ba6eab7b36542efa5bb4fa897b91b",
                "shasum": ""
            },
            "require": {
                "php": ">=5.4.0",
                "symfony/console": "^2.8|~3",
                "symfony/finder": "~2.5|~3.0"
            },
            "require-dev": {
                "phpunit/phpunit": "^4.8",
                "satooshi/php-coveralls": "^1.0",
                "squizlabs/php_codesniffer": "^2.7",
                "victorjonsson/markdowndocs": "^1.3"
            },
            "type": "library",
            "extra": {
                "branch-alias": {
                    "dev-master": "3.x-dev",
                    "dev-improved-wrap": "3.x-dev"
                }
            },
            "autoload": {
                "psr-4": {
                    "Consolidation\\OutputFormatters\\": "src"
                }
            },
            "notification-url": "https://packagist.org/downloads/",
            "license": [
                "MIT"
            ],
            "authors": [
                {
                    "name": "Greg Anderson",
                    "email": "greg.1.anderson@greenknowe.org"
                }
            ],
            "description": "Format text by applying transformations provided by plug-in formatters.",
            "time": "2017-05-05T05:13:33+00:00"
        },
        {
            "name": "consolidation/robo",
            "version": "2.0.0-alpha1",
            "source": {
                "type": "git",
                "url": "https://github.com/consolidation/Robo.git",
                "reference": "9877c6e327696d11317a156fd13453f12c6e8b4d"
            },
            "dist": {
                "type": "zip",
                "url": "https://api.github.com/repos/consolidation/Robo/zipball/9877c6e327696d11317a156fd13453f12c6e8b4d",
                "reference": "9877c6e327696d11317a156fd13453f12c6e8b4d",
                "shasum": ""
            },
            "require": {
                "consolidation/annotated-command": "^2.11.0",
                "consolidation/config": "^1.0.10",
                "consolidation/log": "^1.1.1",
                "consolidation/output-formatters": "^3.1.13",
                "consolidation/self-update": "^1",
                "grasmash/yaml-expander": "^1.3",
                "league/container": "^2.2",
                "php": ">=5.5.0",
                "symfony/console": "^2.8|^3|^4",
                "symfony/event-dispatcher": "^2.5|^3|^4",
                "symfony/filesystem": "^2.5|^3|^4",
                "symfony/finder": "^2.5|^3|^4",
                "symfony/process": "^2.5|^3|^4"
            },
            "replace": {
                "codegyre/robo": "< 1.0"
            },
            "require-dev": {
                "codeception/aspect-mock": "^1|^2.1.1",
                "codeception/base": "^2.3.7",
                "codeception/verify": "^0.3.2",
                "g1a/composer-test-scenarios": "^3",
                "goaop/framework": "~2.1.2",
                "goaop/parser-reflection": "^1.1.0",
                "natxet/cssmin": "3.0.4",
                "nikic/php-parser": "^3.1.5",
                "patchwork/jsqueeze": "~2",
                "pear/archive_tar": "^1.4.2",
                "php-coveralls/php-coveralls": "^1",
                "phpunit/php-code-coverage": "~2|~4",
                "squizlabs/php_codesniffer": "^2.8"
            },
            "suggest": {
                "henrikbjorn/lurker": "For monitoring filesystem changes in taskWatch",
                "natxet/CssMin": "For minifying CSS files in taskMinify",
                "patchwork/jsqueeze": "For minifying JS files in taskMinify",
                "pear/archive_tar": "Allows tar archives to be created and extracted in taskPack and taskExtract, respectively."
            },
            "bin": [
                "robo"
            ],
            "type": "library",
            "extra": {
                "scenarios": {
                    "symfony4": {
                        "require": {
                            "symfony/console": "^4"
                        },
                        "config": {
                            "platform": {
                                "php": "7.1.3"
                            }
                        }
                    },
                    "symfony2": {
                        "require": {
                            "symfony/console": "^2.8"
                        },
                        "remove": [
                            "goaop/framework"
                        ],
                        "config": {
                            "platform": {
                                "php": "5.5.9"
                            }
                        },
                        "scenario-options": {
                            "create-lockfile": "false"
                        }
                    }
                },
                "branch-alias": {
                    "dev-master": "2.x-dev"
                }
            },
            "autoload": {
                "psr-4": {
                    "Robo\\": "src"
                }
            },
            "notification-url": "https://packagist.org/downloads/",
            "license": [
                "MIT"
            ],
            "authors": [
                {
                    "name": "Davert",
                    "email": "davert.php@resend.cc"
                }
            ],
            "description": "Modern task runner",
            "time": "2019-01-02T00:19:46+00:00"
        },
        {
            "name": "consolidation/self-update",
            "version": "dev-master",
            "source": {
                "type": "git",
                "url": "https://github.com/consolidation/self-update.git",
                "reference": "a283a41a2edf23104b6be95674e840aa623d519a"
            },
            "dist": {
                "type": "zip",
                "url": "https://api.github.com/repos/consolidation/self-update/zipball/a283a41a2edf23104b6be95674e840aa623d519a",
                "reference": "a283a41a2edf23104b6be95674e840aa623d519a",
                "shasum": ""
            },
            "require": {
                "php": ">=5.5.0",
                "symfony/console": "^2.8|^3|^4",
                "symfony/filesystem": "^2.5|^3|^4"
            },
            "bin": [
                "scripts/release"
            ],
            "type": "library",
            "extra": {
                "branch-alias": {
                    "dev-master": "1.x-dev"
                }
            },
            "autoload": {
                "psr-4": {
                    "SelfUpdate\\": "src"
                }
            },
            "notification-url": "https://packagist.org/downloads/",
            "license": [
                "MIT"
            ],
            "authors": [
                {
                    "name": "Greg Anderson",
                    "email": "greg.1.anderson@greenknowe.org"
                },
                {
                    "name": "Alexander Menk",
                    "email": "menk@mestrona.net"
                }
            ],
            "description": "Provides a self:update command for Symfony Console applications.",
            "time": "2018-10-28T01:52:15+00:00"
        },
        {
            "name": "container-interop/container-interop",
            "version": "1.2.0",
            "source": {
                "type": "git",
                "url": "https://github.com/container-interop/container-interop.git",
                "reference": "79cbf1341c22ec75643d841642dd5d6acd83bdb8"
            },
            "dist": {
                "type": "zip",
                "url": "https://api.github.com/repos/container-interop/container-interop/zipball/79cbf1341c22ec75643d841642dd5d6acd83bdb8",
                "reference": "79cbf1341c22ec75643d841642dd5d6acd83bdb8",
                "shasum": ""
            },
            "require": {
                "psr/container": "^1.0"
            },
            "type": "library",
            "autoload": {
                "psr-4": {
                    "Interop\\Container\\": "src/Interop/Container/"
                }
            },
            "notification-url": "https://packagist.org/downloads/",
            "license": [
                "MIT"
            ],
            "description": "Promoting the interoperability of container objects (DIC, SL, etc.)",
            "homepage": "https://github.com/container-interop/container-interop",
            "time": "2017-02-14T19:40:03+00:00"
        },
        {
            "name": "dflydev/dot-access-data",
            "version": "v1.1.0",
            "source": {
                "type": "git",
                "url": "https://github.com/dflydev/dflydev-dot-access-data.git",
                "reference": "3fbd874921ab2c041e899d044585a2ab9795df8a"
            },
            "dist": {
                "type": "zip",
                "url": "https://api.github.com/repos/dflydev/dflydev-dot-access-data/zipball/3fbd874921ab2c041e899d044585a2ab9795df8a",
                "reference": "3fbd874921ab2c041e899d044585a2ab9795df8a",
                "shasum": ""
            },
            "require": {
                "php": ">=5.3.2"
            },
            "type": "library",
            "extra": {
                "branch-alias": {
                    "dev-master": "1.0-dev"
                }
            },
            "autoload": {
                "psr-0": {
                    "Dflydev\\DotAccessData": "src"
                }
            },
            "notification-url": "https://packagist.org/downloads/",
            "license": [
                "MIT"
            ],
            "authors": [
                {
                    "name": "Dragonfly Development Inc.",
                    "email": "info@dflydev.com",
                    "homepage": "http://dflydev.com"
                },
                {
                    "name": "Beau Simensen",
                    "email": "beau@dflydev.com",
                    "homepage": "http://beausimensen.com"
                },
                {
                    "name": "Carlos Frutos",
                    "email": "carlos@kiwing.it",
                    "homepage": "https://github.com/cfrutos"
                }
            ],
            "description": "Given a deep data structure, access data by dot notation.",
            "homepage": "https://github.com/dflydev/dflydev-dot-access-data",
            "keywords": [
                "access",
                "data",
                "dot",
                "notation"
            ],
            "time": "2017-01-20T21:14:22+00:00"
        },
        {
            "name": "grasmash/expander",
            "version": "dev-master",
            "source": {
                "type": "git",
                "url": "https://github.com/grasmash/expander.git",
                "reference": "ce639d6772233a5aa3c8362b1cb4b30fa156735f"
            },
            "dist": {
                "type": "zip",
                "url": "https://api.github.com/repos/grasmash/expander/zipball/ce639d6772233a5aa3c8362b1cb4b30fa156735f",
                "reference": "ce639d6772233a5aa3c8362b1cb4b30fa156735f",
                "shasum": ""
            },
            "require": {
                "dflydev/dot-access-data": "^1.1.0",
                "php": ">=5.4"
            },
            "require-dev": {
                "greg-1-anderson/composer-test-scenarios": "^1",
                "phpunit/phpunit": "^4|^5.5.4",
                "satooshi/php-coveralls": "^1.0.2|dev-master",
                "squizlabs/php_codesniffer": "^2.7"
            },
            "type": "library",
            "extra": {
                "branch-alias": {
                    "dev-master": "1.x-dev"
                }
            },
            "autoload": {
                "psr-4": {
                    "Grasmash\\Expander\\": "src/"
                }
            },
            "notification-url": "https://packagist.org/downloads/",
            "license": [
                "MIT"
            ],
            "authors": [
                {
                    "name": "Matthew Grasmick"
                }
            ],
            "description": "Expands internal property references in PHP arrays file.",
            "time": "2017-12-22T14:59:59+00:00"
        },
        {
            "name": "grasmash/yaml-expander",
            "version": "dev-master",
            "source": {
                "type": "git",
                "url": "https://github.com/grasmash/yaml-expander.git",
                "reference": "07d39a898da7a7317deae2aa3ee982f86346ab2d"
            },
            "dist": {
                "type": "zip",
                "url": "https://api.github.com/repos/grasmash/yaml-expander/zipball/07d39a898da7a7317deae2aa3ee982f86346ab2d",
                "reference": "07d39a898da7a7317deae2aa3ee982f86346ab2d",
                "shasum": ""
            },
            "require": {
                "dflydev/dot-access-data": "^1.1.0",
                "php": ">=5.4",
                "symfony/yaml": "^2.8.11|^3|^4"
            },
            "require-dev": {
                "greg-1-anderson/composer-test-scenarios": "^1",
                "phpunit/phpunit": "^4.8|^5.5.4",
                "satooshi/php-coveralls": "^1.0.2|dev-master",
                "squizlabs/php_codesniffer": "^2.7"
            },
            "type": "library",
            "extra": {
                "branch-alias": {
                    "dev-master": "1.x-dev"
                }
            },
            "autoload": {
                "psr-4": {
                    "Grasmash\\YamlExpander\\": "src/"
                }
            },
            "notification-url": "https://packagist.org/downloads/",
            "license": [
                "MIT"
            ],
            "authors": [
                {
                    "name": "Matthew Grasmick"
                }
            ],
            "description": "Expands internal property references in a yaml file.",
            "time": "2017-12-16T16:12:09+00:00"
        },
        {
            "name": "league/container",
            "version": "2.x-dev",
            "source": {
                "type": "git",
                "url": "https://github.com/thephpleague/container.git",
                "reference": "e541429f0932f240d0e5a183fcd4b9b9939dde5a"
            },
            "dist": {
                "type": "zip",
                "url": "https://api.github.com/repos/thephpleague/container/zipball/e541429f0932f240d0e5a183fcd4b9b9939dde5a",
                "reference": "e541429f0932f240d0e5a183fcd4b9b9939dde5a",
                "shasum": ""
            },
            "require": {
                "container-interop/container-interop": "^1.2",
                "php": "^5.4.0 || ^7.0"
            },
            "provide": {
                "container-interop/container-interop-implementation": "^1.2",
                "psr/container-implementation": "^1.0"
            },
            "replace": {
                "orno/di": "~2.0"
            },
            "require-dev": {
                "phpunit/phpunit": "4.*"
            },
            "type": "library",
            "extra": {
                "branch-alias": {
                    "dev-2.x": "2.x-dev",
                    "dev-1.x": "1.x-dev"
                }
            },
            "autoload": {
                "psr-4": {
                    "League\\Container\\": "src"
                }
            },
            "notification-url": "https://packagist.org/downloads/",
            "license": [
                "MIT"
            ],
            "authors": [
                {
                    "name": "Phil Bennett",
                    "email": "philipobenito@gmail.com",
                    "homepage": "http://www.philipobenito.com",
                    "role": "Developer"
                }
            ],
            "description": "A fast and intuitive dependency injection container.",
            "homepage": "https://github.com/thephpleague/container",
            "keywords": [
                "container",
                "dependency",
                "di",
                "injection",
                "league",
                "provider",
                "service"
            ],
            "time": "2017-05-10T09:36:53+00:00"
        },
        {
            "name": "psr/container",
            "version": "dev-master",
            "source": {
                "type": "git",
                "url": "https://github.com/php-fig/container.git",
                "reference": "014d250daebff39eba15ba990eeb2a140798e77c"
            },
            "dist": {
                "type": "zip",
                "url": "https://api.github.com/repos/php-fig/container/zipball/014d250daebff39eba15ba990eeb2a140798e77c",
                "reference": "014d250daebff39eba15ba990eeb2a140798e77c",
                "shasum": ""
            },
            "require": {
                "php": ">=5.3.0"
            },
            "type": "library",
            "extra": {
                "branch-alias": {
                    "dev-master": "1.0.x-dev"
                }
            },
            "autoload": {
                "psr-4": {
                    "Psr\\Container\\": "src/"
                }
            },
            "notification-url": "https://packagist.org/downloads/",
            "license": [
                "MIT"
            ],
            "authors": [
                {
                    "name": "PHP-FIG",
                    "homepage": "http://www.php-fig.org/"
                }
            ],
            "description": "Common Container Interface (PHP FIG PSR-11)",
            "homepage": "https://github.com/php-fig/container",
            "keywords": [
                "PSR-11",
                "container",
                "container-interface",
                "container-interop",
                "psr"
            ],
            "time": "2018-12-29T15:36:03+00:00"
        },
        {
            "name": "psr/log",
            "version": "dev-master",
            "source": {
                "type": "git",
                "url": "https://github.com/php-fig/log.git",
                "reference": "c4421fcac1edd5a324fda73e589a5cf96e52ffd0"
            },
            "dist": {
                "type": "zip",
                "url": "https://api.github.com/repos/php-fig/log/zipball/c4421fcac1edd5a324fda73e589a5cf96e52ffd0",
                "reference": "c4421fcac1edd5a324fda73e589a5cf96e52ffd0",
                "shasum": ""
            },
            "require": {
                "php": ">=5.3.0"
            },
            "type": "library",
            "extra": {
                "branch-alias": {
                    "dev-master": "1.1.x-dev"
                }
            },
            "autoload": {
                "psr-4": {
                    "Psr\\Log\\": "Psr/Log/"
                }
            },
            "notification-url": "https://packagist.org/downloads/",
            "license": [
                "MIT"
            ],
            "authors": [
                {
                    "name": "PHP-FIG",
                    "homepage": "http://www.php-fig.org/"
                }
            ],
            "description": "Common interface for logging libraries",
            "homepage": "https://github.com/php-fig/log",
            "keywords": [
                "log",
                "psr",
                "psr-3"
            ],
            "time": "2018-11-21T13:42:00+00:00"
        },
        {
            "name": "symfony/console",
            "version": "3.3.x-dev",
            "source": {
                "type": "git",
                "url": "https://github.com/symfony/console.git",
                "reference": "af7ec995de93671c03cc1b4e3176c8588bc79dcc"
            },
            "dist": {
                "type": "zip",
                "url": "https://api.github.com/repos/symfony/console/zipball/af7ec995de93671c03cc1b4e3176c8588bc79dcc",
                "reference": "af7ec995de93671c03cc1b4e3176c8588bc79dcc",
                "shasum": ""
            },
            "require": {
                "php": "^5.5.9|>=7.0.8",
                "symfony/debug": "~2.8|~3.0",
                "symfony/polyfill-mbstring": "~1.0"
            },
            "conflict": {
                "symfony/dependency-injection": "<3.3"
            },
            "require-dev": {
                "psr/log": "~1.0",
                "symfony/config": "~3.3",
                "symfony/dependency-injection": "~3.3",
                "symfony/event-dispatcher": "~2.8|~3.0",
                "symfony/filesystem": "~2.8|~3.0",
                "symfony/process": "~2.8|~3.0"
            },
            "suggest": {
                "psr/log": "For using the console logger",
                "symfony/event-dispatcher": "",
                "symfony/filesystem": "",
                "symfony/process": ""
            },
            "type": "library",
            "extra": {
                "branch-alias": {
                    "dev-master": "3.3-dev"
                }
            },
            "autoload": {
                "psr-4": {
                    "Symfony\\Component\\Console\\": ""
                },
                "exclude-from-classmap": [
                    "/Tests/"
                ]
            },
            "notification-url": "https://packagist.org/downloads/",
            "license": [
                "MIT"
            ],
            "authors": [
                {
                    "name": "Fabien Potencier",
                    "email": "fabien@symfony.com"
                },
                {
                    "name": "Symfony Community",
                    "homepage": "https://symfony.com/contributors"
                }
            ],
            "description": "Symfony Console Component",
            "homepage": "https://symfony.com",
            "time": "2018-01-29T09:02:23+00:00"
        },
        {
            "name": "symfony/debug",
            "version": "3.4.x-dev",
            "source": {
                "type": "git",
                "url": "https://github.com/symfony/debug.git",
                "reference": "e79bbe15d8aa2ae923f4eac63deb91ceb44e5199"
            },
            "dist": {
                "type": "zip",
                "url": "https://api.github.com/repos/symfony/debug/zipball/e79bbe15d8aa2ae923f4eac63deb91ceb44e5199",
                "reference": "e79bbe15d8aa2ae923f4eac63deb91ceb44e5199",
                "shasum": ""
            },
            "require": {
                "php": "^5.5.9|>=7.0.8",
                "psr/log": "~1.0"
            },
            "conflict": {
                "symfony/http-kernel": ">=2.3,<2.3.24|~2.4.0|>=2.5,<2.5.9|>=2.6,<2.6.2"
            },
            "require-dev": {
                "symfony/http-kernel": "~2.8|~3.0|~4.0"
            },
            "type": "library",
            "extra": {
                "branch-alias": {
                    "dev-master": "3.4-dev"
                }
            },
            "autoload": {
                "psr-4": {
                    "Symfony\\Component\\Debug\\": ""
                },
                "exclude-from-classmap": [
                    "/Tests/"
                ]
            },
            "notification-url": "https://packagist.org/downloads/",
            "license": [
                "MIT"
            ],
            "authors": [
                {
                    "name": "Fabien Potencier",
                    "email": "fabien@symfony.com"
                },
                {
                    "name": "Symfony Community",
                    "homepage": "https://symfony.com/contributors"
                }
            ],
            "description": "Symfony Debug Component",
            "homepage": "https://symfony.com",
            "time": "2019-05-30T15:47:52+00:00"
        },
        {
            "name": "symfony/event-dispatcher",
            "version": "3.4.x-dev",
            "source": {
                "type": "git",
                "url": "https://github.com/symfony/event-dispatcher.git",
                "reference": "e942daa58342dbb5433ce1cdf0b8bd0e2e2ab995"
            },
            "dist": {
                "type": "zip",
                "url": "https://api.github.com/repos/symfony/event-dispatcher/zipball/e942daa58342dbb5433ce1cdf0b8bd0e2e2ab995",
                "reference": "e942daa58342dbb5433ce1cdf0b8bd0e2e2ab995",
                "shasum": ""
            },
            "require": {
                "php": "^5.5.9|>=7.0.8"
            },
            "conflict": {
                "symfony/dependency-injection": "<3.3"
            },
            "require-dev": {
                "psr/log": "~1.0",
                "symfony/config": "~2.8|~3.0|~4.0",
                "symfony/dependency-injection": "~3.3|~4.0",
                "symfony/expression-language": "~2.8|~3.0|~4.0",
                "symfony/stopwatch": "~2.8|~3.0|~4.0"
            },
            "suggest": {
                "symfony/dependency-injection": "",
                "symfony/http-kernel": ""
            },
            "type": "library",
            "extra": {
                "branch-alias": {
                    "dev-master": "3.4-dev"
                }
            },
            "autoload": {
                "psr-4": {
                    "Symfony\\Component\\EventDispatcher\\": ""
                },
                "exclude-from-classmap": [
                    "/Tests/"
                ]
            },
            "notification-url": "https://packagist.org/downloads/",
            "license": [
                "MIT"
            ],
            "authors": [
                {
                    "name": "Fabien Potencier",
                    "email": "fabien@symfony.com"
                },
                {
                    "name": "Symfony Community",
                    "homepage": "https://symfony.com/contributors"
                }
            ],
            "description": "Symfony EventDispatcher Component",
            "homepage": "https://symfony.com",
            "time": "2019-05-30T15:47:52+00:00"
        },
        {
            "name": "symfony/filesystem",
            "version": "3.4.x-dev",
            "source": {
                "type": "git",
                "url": "https://github.com/symfony/filesystem.git",
                "reference": "acf99758b1df8e9295e6b85aa69f294565c9fedb"
            },
            "dist": {
                "type": "zip",
                "url": "https://api.github.com/repos/symfony/filesystem/zipball/acf99758b1df8e9295e6b85aa69f294565c9fedb",
                "reference": "acf99758b1df8e9295e6b85aa69f294565c9fedb",
                "shasum": ""
            },
            "require": {
                "php": "^5.5.9|>=7.0.8",
                "symfony/polyfill-ctype": "~1.8"
            },
            "type": "library",
            "extra": {
                "branch-alias": {
                    "dev-master": "3.4-dev"
                }
            },
            "autoload": {
                "psr-4": {
                    "Symfony\\Component\\Filesystem\\": ""
                },
                "exclude-from-classmap": [
                    "/Tests/"
                ]
            },
            "notification-url": "https://packagist.org/downloads/",
            "license": [
                "MIT"
            ],
            "authors": [
                {
                    "name": "Fabien Potencier",
                    "email": "fabien@symfony.com"
                },
                {
                    "name": "Symfony Community",
                    "homepage": "https://symfony.com/contributors"
                }
            ],
            "description": "Symfony Filesystem Component",
            "homepage": "https://symfony.com",
            "time": "2019-02-04T21:34:32+00:00"
        },
        {
            "name": "symfony/finder",
            "version": "3.4.x-dev",
            "source": {
                "type": "git",
                "url": "https://github.com/symfony/finder.git",
                "reference": "5f80266a729e30bbcc37f8bf0e62c3d5a38c8208"
            },
            "dist": {
                "type": "zip",
                "url": "https://api.github.com/repos/symfony/finder/zipball/5f80266a729e30bbcc37f8bf0e62c3d5a38c8208",
                "reference": "5f80266a729e30bbcc37f8bf0e62c3d5a38c8208",
                "shasum": ""
            },
            "require": {
                "php": "^5.5.9|>=7.0.8"
            },
            "type": "library",
            "extra": {
                "branch-alias": {
                    "dev-master": "3.4-dev"
                }
            },
            "autoload": {
                "psr-4": {
                    "Symfony\\Component\\Finder\\": ""
                },
                "exclude-from-classmap": [
                    "/Tests/"
                ]
            },
            "notification-url": "https://packagist.org/downloads/",
            "license": [
                "MIT"
            ],
            "authors": [
                {
                    "name": "Fabien Potencier",
                    "email": "fabien@symfony.com"
                },
                {
                    "name": "Symfony Community",
                    "homepage": "https://symfony.com/contributors"
                }
            ],
            "description": "Symfony Finder Component",
            "homepage": "https://symfony.com",
            "time": "2019-05-30T15:47:52+00:00"
        },
        {
            "name": "symfony/polyfill-ctype",
            "version": "dev-master",
            "source": {
                "type": "git",
                "url": "https://github.com/symfony/polyfill-ctype.git",
                "reference": "82ebae02209c21113908c229e9883c419720738a"
            },
            "dist": {
                "type": "zip",
                "url": "https://api.github.com/repos/symfony/polyfill-ctype/zipball/82ebae02209c21113908c229e9883c419720738a",
                "reference": "82ebae02209c21113908c229e9883c419720738a",
                "shasum": ""
            },
            "require": {
                "php": ">=5.3.3"
            },
            "suggest": {
                "ext-ctype": "For best performance"
            },
            "type": "library",
            "extra": {
                "branch-alias": {
                    "dev-master": "1.11-dev"
                }
            },
            "autoload": {
                "psr-4": {
                    "Symfony\\Polyfill\\Ctype\\": ""
                },
                "files": [
                    "bootstrap.php"
                ]
            },
            "notification-url": "https://packagist.org/downloads/",
            "license": [
                "MIT"
            ],
            "authors": [
                {
                    "name": "Symfony Community",
                    "homepage": "https://symfony.com/contributors"
                },
                {
                    "name": "Gert de Pagter",
                    "email": "BackEndTea@gmail.com"
                }
            ],
            "description": "Symfony polyfill for ctype functions",
            "homepage": "https://symfony.com",
            "keywords": [
                "compatibility",
                "ctype",
                "polyfill",
                "portable"
            ],
            "time": "2019-02-06T07:57:58+00:00"
        },
        {
            "name": "symfony/polyfill-mbstring",
            "version": "dev-master",
            "source": {
                "type": "git",
                "url": "https://github.com/symfony/polyfill-mbstring.git",
                "reference": "fe5e94c604826c35a32fa832f35bd036b6799609"
            },
            "dist": {
                "type": "zip",
                "url": "https://api.github.com/repos/symfony/polyfill-mbstring/zipball/fe5e94c604826c35a32fa832f35bd036b6799609",
                "reference": "fe5e94c604826c35a32fa832f35bd036b6799609",
                "shasum": ""
            },
            "require": {
                "php": ">=5.3.3"
            },
            "suggest": {
                "ext-mbstring": "For best performance"
            },
            "type": "library",
            "extra": {
                "branch-alias": {
                    "dev-master": "1.11-dev"
                }
            },
            "autoload": {
                "psr-4": {
                    "Symfony\\Polyfill\\Mbstring\\": ""
                },
                "files": [
                    "bootstrap.php"
                ]
            },
            "notification-url": "https://packagist.org/downloads/",
            "license": [
                "MIT"
            ],
            "authors": [
                {
                    "name": "Nicolas Grekas",
                    "email": "p@tchwork.com"
                },
                {
                    "name": "Symfony Community",
                    "homepage": "https://symfony.com/contributors"
                }
            ],
            "description": "Symfony polyfill for the Mbstring extension",
            "homepage": "https://symfony.com",
            "keywords": [
                "compatibility",
                "mbstring",
                "polyfill",
                "portable",
                "shim"
            ],
            "time": "2019-02-06T07:57:58+00:00"
        },
        {
            "name": "symfony/process",
            "version": "2.8.x-dev",
            "source": {
                "type": "git",
                "url": "https://github.com/symfony/process.git",
                "reference": "c3591a09c78639822b0b290d44edb69bf9f05dc8"
            },
            "dist": {
                "type": "zip",
                "url": "https://api.github.com/repos/symfony/process/zipball/c3591a09c78639822b0b290d44edb69bf9f05dc8",
                "reference": "c3591a09c78639822b0b290d44edb69bf9f05dc8",
                "shasum": ""
            },
            "require": {
                "php": ">=5.3.9"
            },
            "type": "library",
            "extra": {
                "branch-alias": {
                    "dev-master": "2.8-dev"
                }
            },
            "autoload": {
                "psr-4": {
                    "Symfony\\Component\\Process\\": ""
                },
                "exclude-from-classmap": [
                    "/Tests/"
                ]
            },
            "notification-url": "https://packagist.org/downloads/",
            "license": [
                "MIT"
            ],
            "authors": [
                {
                    "name": "Fabien Potencier",
                    "email": "fabien@symfony.com"
                },
                {
                    "name": "Symfony Community",
                    "homepage": "https://symfony.com/contributors"
                }
            ],
            "description": "Symfony Process Component",
            "homepage": "https://symfony.com",
            "time": "2018-11-11T11:18:13+00:00"
        },
        {
            "name": "symfony/yaml",
            "version": "3.3.x-dev",
            "source": {
                "type": "git",
                "url": "https://github.com/symfony/yaml.git",
                "reference": "af615970e265543a26ee712c958404eb9b7ac93d"
            },
            "dist": {
                "type": "zip",
                "url": "https://api.github.com/repos/symfony/yaml/zipball/af615970e265543a26ee712c958404eb9b7ac93d",
                "reference": "af615970e265543a26ee712c958404eb9b7ac93d",
                "shasum": ""
            },
            "require": {
                "php": "^5.5.9|>=7.0.8"
            },
            "require-dev": {
                "symfony/console": "~2.8|~3.0"
            },
            "suggest": {
                "symfony/console": "For validating YAML files using the lint command"
            },
            "type": "library",
            "extra": {
                "branch-alias": {
                    "dev-master": "3.3-dev"
                }
            },
            "autoload": {
                "psr-4": {
                    "Symfony\\Component\\Yaml\\": ""
                },
                "exclude-from-classmap": [
                    "/Tests/"
                ]
            },
            "notification-url": "https://packagist.org/downloads/",
            "license": [
                "MIT"
            ],
            "authors": [
                {
                    "name": "Fabien Potencier",
                    "email": "fabien@symfony.com"
                },
                {
                    "name": "Symfony Community",
                    "homepage": "https://symfony.com/contributors"
                }
            ],
            "description": "Symfony Yaml Component",
            "homepage": "https://symfony.com",
            "time": "2018-01-20T15:04:53+00:00"
        }
    ],
    "packages-dev": [],
    "aliases": [],
    "minimum-stability": "dev",
    "stability-flags": {
        "consolidation/robo": 20
    },
    "prefer-stable": false,
    "prefer-lowest": false,
    "platform": [],
    "platform-dev": [],
    "platform-overrides": {
        "php": "7.0.8"
    }
}
